
Microsoft Visual Studio Solution File, Format Version 12.00
# Visual Studio Version 17
VisualStudioVersion = 17.12.35707.178 d17.12
MinimumVisualStudioVersion = 10.0.40219.1
Project("{FAE04EC0-301F-11D3-BF4B-00C04F79EFBC}") = "Ejercicios1", "Ejercicios1\Ejercicios1.csproj", "{259132F6-4BF0-4D57-9C5B-4F4D2ABA4FC9}"
EndProject
Global
	GlobalSection(SolutionConfigurationPlatforms) = preSolution
		Debug|Any CPU = Debug|Any CPU
		Release|Any CPU = Release|Any CPU
	EndGlobalSection
	GlobalSection(ProjectConfigurationPlatforms) = postSolution
		{259132F6-4BF0-4D57-9C5B-4F4D2ABA4FC9}.Debug|Any CPU.ActiveCfg = Debug|Any CPU
		{259132F6-4BF0-4D57-9C5B-4F4D2ABA4FC9}.Debug|Any CPU.Build.0 = Debug|Any CPU
		{259132F6-4BF0-4D57-9C5B-4F4D2ABA4FC9}.Release|Any CPU.ActiveCfg = Release|Any CPU
		{259132F6-4BF0-4D57-9C5B-4F4D2ABA4FC9}.Release|Any CPU.Build.0 = Release|Any CPU
	EndGlobalSection
	GlobalSection(SolutionProperties) = preSolution
		HideSolutionNode = FALSE
	EndGlobalSection
EndGlobal
