
Microsoft Visual Studio Solution File, Format Version 12.00
# Visual Studio Version 17
VisualStudioVersion = 17.12.35707.178 d17.12
MinimumVisualStudioVersion = 10.0.40219.1
Project("{FAE04EC0-301F-11D3-BF4B-00C04F79EFBC}") = "MauiAppCurso", "MauiAppCurso\MauiAppCurso.csproj", "{83A82076-9870-48E2-922D-6D02F852E73C}"
EndProject
Global
	GlobalSection(SolutionConfigurationPlatforms) = preSolution
		Debug|Any CPU = Debug|Any CPU
		Release|Any CPU = Release|Any CPU
	EndGlobalSection
	GlobalSection(ProjectConfigurationPlatforms) = postSolution
		{83A82076-9870-48E2-922D-6D02F852E73C}.Debug|Any CPU.ActiveCfg = Debug|Any CPU
		{83A82076-9870-48E2-922D-6D02F852E73C}.Debug|Any CPU.Build.0 = Debug|Any CPU
		{83A82076-9870-48E2-922D-6D02F852E73C}.Debug|Any CPU.Deploy.0 = Debug|Any CPU
		{83A82076-9870-48E2-922D-6D02F852E73C}.Release|Any CPU.ActiveCfg = Release|Any CPU
		{83A82076-9870-48E2-922D-6D02F852E73C}.Release|Any CPU.Build.0 = Release|Any CPU
		{83A82076-9870-48E2-922D-6D02F852E73C}.Release|Any CPU.Deploy.0 = Release|Any CPU
	EndGlobalSection
	GlobalSection(SolutionProperties) = preSolution
		HideSolutionNode = FALSE
	EndGlobalSection
EndGlobal
